
Microsoft Visual Studio Solution File, Format Version 12.00
# Visual Studio Version 16
VisualStudioVersion = 16.0.29519.87
MinimumVisualStudioVersion = 10.0.40219.1
Project("{FAE04EC0-301F-11D3-BF4B-00C04F79EFBC}") = "ClickYeeter9000", "ClickYeeter9000\ClickYeeter9000.csproj", "{64AB5799-01BA-4E31-BD5F-6364C3823513}"
EndProject
Global
	GlobalSection(SolutionConfigurationPlatforms) = preSolution
		Debug|Any CPU = Debug|Any CPU
		Release|Any CPU = Release|Any CPU
	EndGlobalSection
	GlobalSection(ProjectConfigurationPlatforms) = postSolution
		{64AB5799-01BA-4E31-BD5F-6364C3823513}.Debug|Any CPU.ActiveCfg = Debug|Any CPU
		{64AB5799-01BA-4E31-BD5F-6364C3823513}.Debug|Any CPU.Build.0 = Debug|Any CPU
		{64AB5799-01BA-4E31-BD5F-6364C3823513}.Release|Any CPU.ActiveCfg = Release|Any CPU
		{64AB5799-01BA-4E31-BD5F-6364C3823513}.Release|Any CPU.Build.0 = Release|Any CPU
	EndGlobalSection
	GlobalSection(SolutionProperties) = preSolution
		HideSolutionNode = FALSE
	EndGlobalSection
	GlobalSection(ExtensibilityGlobals) = postSolution
		SolutionGuid = {F51EA1A9-16C1-4B0F-938F-F352904407DD}
	EndGlobalSection
EndGlobal
